
Microsoft Visual Studio Solution File, Format Version 12.00
# Visual Studio Version 17
VisualStudioVersion = 17.3.32819.101
MinimumVisualStudioVersion = 10.0.40219.1
Project("{FAE04EC0-301F-11D3-BF4B-00C04F79EFBC}") = "L5_2_RAJCL_1073522", "L5_2_RAJCL_1073522\L5_2_RAJCL_1073522.csproj", "{018F0889-EE9E-4FF5-AA61-C7522FC0CD4F}"
EndProject
Global
	GlobalSection(SolutionConfigurationPlatforms) = preSolution
		Debug|Any CPU = Debug|Any CPU
		Release|Any CPU = Release|Any CPU
	EndGlobalSection
	GlobalSection(ProjectConfigurationPlatforms) = postSolution
		{018F0889-EE9E-4FF5-AA61-C7522FC0CD4F}.Debug|Any CPU.ActiveCfg = Debug|Any CPU
		{018F0889-EE9E-4FF5-AA61-C7522FC0CD4F}.Debug|Any CPU.Build.0 = Debug|Any CPU
		{018F0889-EE9E-4FF5-AA61-C7522FC0CD4F}.Release|Any CPU.ActiveCfg = Release|Any CPU
		{018F0889-EE9E-4FF5-AA61-C7522FC0CD4F}.Release|Any CPU.Build.0 = Release|Any CPU
	EndGlobalSection
	GlobalSection(SolutionProperties) = preSolution
		HideSolutionNode = FALSE
	EndGlobalSection
	GlobalSection(ExtensibilityGlobals) = postSolution
		SolutionGuid = {C061D59E-573B-417A-83DC-B71420B6A008}
	EndGlobalSection
EndGlobal
